# THIS IS AN AUTOGENERATED FILE. DO NOT EDIT THIS FILE DIRECTLY.
assets/css_main.scss.liquid:
  development: 2018-05-09T16:46:54+10:00   f2e8ad6ceb12188b512ca91a3180d97e
assets/css_naked.scss.liquid:
  development: 2018-05-04T14:41:40+10:00   d791ed97275f60230544ec082ba730da
assets/css_noscript.scss.liquid:
  development: 2018-05-04T14:41:40+10:00   f118e8f4c7ada5321cf848ce148bec3d
assets/hulkcode.js:
  development: 2018-05-09T17:43:16+10:00   9d8b5a69bed35203becccb386a58cd43
assets/img_avatar.jpg:
  development: 2018-05-04T14:41:40+10:00   a29574433196e43af278e4cadaf4fdc9
assets/img_marker-dark.png:
  development: 2018-05-04T14:41:40+10:00   95d28557b6b0cbb0dd3e47eba3cb687b
assets/js_magnific.popup.min.js:
  development: 2018-05-04T14:41:40+10:00   5d284d22efb0033c0a5ce457c2ff28c1
assets/js_placeholder.min.js:
  development: 2018-05-04T14:41:40+10:00   ecd4b54f4de3051a75e77ada9489cb28
assets/js_plugins.min.js:
  development: 2018-05-04T14:41:40+10:00   a5d4fb42f45ea675afb8b6d07254a645
assets/js_product.js:
  development: 2018-05-04T14:41:40+10:00   c083fdfec83815ea4dfdae3e29c511e3
assets/js_scripts.js:
  development: 2018-05-09T16:58:21+10:00   de8bc9c04d12014dd4660990c3132624
config/settings_data.json:
  development: 2018-05-09T00:55:07+10:00   5b3e5eeb582f586d3ab44dde3f49f7ea
config/settings_schema.json:
  development: 2018-05-09T00:56:47+10:00   3f8e1837775db0e9f8c42869a44c03a0
layout/theme.liquid:
  development: 2018-05-09T17:43:15+10:00   5b9170482aa05d9bfed1d6190ba26af2
locales/en.default.json:
  development: 2018-05-04T14:41:40+10:00   8317fb27f7ba800e50371b03ba3d4512
sections/announcement.liquid:
  development: 2018-05-04T14:41:38+10:00   353bb219da703f58d944ead11801a3da
sections/article-page.liquid:
  development: 2018-05-04T14:41:38+10:00   6a4576584fdf591cc27478d17533182d
sections/blog-page.liquid:
  development: 2018-05-04T14:41:38+10:00   329d2d1276b84400e820304e36475bcc
sections/collection-page.liquid:
  development: 2018-05-04T14:41:38+10:00   8300fab3374fff31d8ae109309a6f40b
sections/collections-list.liquid:
  development: 2018-05-04T14:41:38+10:00   552b0822de24b0d7c4d02d34b63b964c
sections/featured-blog.liquid:
  development: 2018-05-04T14:41:38+10:00   7181c5e5c2c7ec72e9346233368d18ec
sections/featured-products.liquid:
  development: 2018-05-04T14:41:38+10:00   b227c471a430473bee4c6224793c73e0
sections/gallery.liquid:
  development: 2018-05-04T14:41:38+10:00   53784987f665f3a170f874ef8630573a
sections/gift-card.liquid:
  development: 2018-05-04T14:41:38+10:00   d31234376239f327a1b3e961f52226a4
sections/home-product.liquid:
  development: 2018-05-04T14:41:39+10:00   ced341343b8aa247d7d4b75840443cbd
sections/image-text.liquid:
  development: 2018-05-04T14:41:39+10:00   1bfffdf75feeb936fd3c2eb7c95ede6c
sections/list-collections.liquid:
  development: 2018-05-04T14:41:39+10:00   19683b7974712ec8f896612f7818fb19
sections/map.liquid:
  development: 2018-05-04T14:41:39+10:00   662147c2a9b72265b261e6e2b14e6e08
sections/newsletter.liquid:
  development: 2018-05-04T14:41:39+10:00   e445d88a05204cae4d37b8bb9ab05f8f
sections/password-sharing.liquid:
  development: 2018-05-04T14:41:39+10:00   56742d91ccf5a943f4d3e07e10981421
sections/popup.liquid:
  development: 2018-05-04T14:41:39+10:00   8fcb9c6ea964ce832a7fc7e36b9537b2
sections/product-customizable-page.liquid:
  development: 2018-05-09T18:31:33+10:00   c782e5584d397849741d5a6e3605a875
sections/product-page.liquid:
  development: 2018-05-09T18:25:20+10:00   4ca457527492f06a4ab04d8fcee26bad
sections/product-preorder.liquid:
  development: 2018-05-04T14:41:39+10:00   4e04a09779ab0b674c46826c4a325313
sections/product-related.liquid:
  development: 2018-05-04T14:41:39+10:00   cff4d512e97d5132e86ebe5880629820
sections/rich-text.liquid:
  development: 2018-05-04T14:41:39+10:00   cd53a87b6f1467b2c3fef318202f9d6d
sections/sidebar.liquid:
  development: 2018-05-04T14:41:39+10:00   3bda6dcf45f2f4b057ffd72ee2398a7f
sections/slideshow.liquid:
  development: 2018-05-04T14:41:39+10:00   3bb3ef2a8c2cd23e9ec588389d8fe73a
sections/video.liquid:
  development: 2018-05-04T14:41:39+10:00   f900d1db5229b4f7fd2ea0ef91a1fe02
snippets/asset_preloader.liquid:
  development: 2018-05-04T14:41:41+10:00   e30b3f7bd85bde0fa93dd081ea68bf2c
snippets/asset_svg.liquid:
  development: 2018-05-04T14:41:41+10:00   7d516c265dc619f30ab72d4bb9f58b20
snippets/blog_comment.liquid:
  development: 2018-05-04T14:41:41+10:00   220c4e3b3bd6dabf390453bff7f25e86
snippets/blog_item.liquid:
  development: 2018-05-04T14:41:41+10:00   6bfb3f223f966e55c039cb2d6a05cc46
snippets/blog_tags.liquid:
  development: 2018-05-04T14:41:41+10:00   dcd6e5ad7d1e19be647c8f8fa44206f6
snippets/collection_filter-advanced.liquid:
  development: 2018-05-04T14:41:41+10:00   1b16600b6b9eaa2f05428787104c536f
snippets/collection_filter.liquid:
  development: 2018-05-04T14:41:41+10:00   06c3383f5d19ecc3a9b8f2aab6dfdc90
snippets/collection_item-blank.liquid:
  development: 2018-05-04T14:41:41+10:00   4918917c55f1af64e76f728b68fc82d4
snippets/collection_item-four.liquid:
  development: 2018-05-04T14:41:41+10:00   8edeaf05054540c96b590ab0c4d37170
snippets/collection_item-one.liquid:
  development: 2018-05-04T14:41:41+10:00   173a3eff688ef65ef86ebb6e3d8fd43f
snippets/collection_item-three.liquid:
  development: 2018-05-04T14:41:41+10:00   afe1973f73e7d5efcde4a3d53b80de2b
snippets/collection_item-two.liquid:
  development: 2018-05-04T14:41:41+10:00   7582abe52e1997e836f44d9b4d954f63
snippets/collection_item.liquid:
  development: 2018-05-04T14:41:41+10:00   91f0862e261973b9acb5b985c0392d88
snippets/collection_sort.liquid:
  development: 2018-05-04T14:41:41+10:00   1d58042dcbd15599f5180ea16b28076e
snippets/collections_item-variable.liquid:
  development: 2018-05-04T14:41:41+10:00   9d1756739a4358cda4b50a8f4e1fe383
snippets/collections_item.liquid:
  development: 2018-05-04T14:41:41+10:00   c47bb824534d3a82eb50fcfa02a216a6
snippets/footer_links.liquid:
  development: 2018-05-04T14:41:41+10:00   62ec0f7ddcfbe992664369e1445af402
snippets/footer_social-icons.liquid:
  development: 2018-05-04T14:41:41+10:00   03ea09d2503083e22d7bafbcb5fff569
snippets/form-errors.liquid:
  development: 2018-05-04T14:41:42+10:00   c4dc7d7602bcf6b34bacb1bc3769f278
snippets/head_fonts.liquid:
  development: 2018-05-04T14:41:42+10:00   c5896db1469c8fba73b1dd39cd5cae9b
snippets/head_open-graph.liquid:
  development: 2018-05-04T14:41:42+10:00   7def5c9e17137be43d4fb9244993a60c
snippets/hulkcode_common.liquid:
  development: 2018-05-09T17:43:15+10:00   8feb9e3f560c26ef80d39651987b23c2
snippets/hulkcode_options.liquid:
  development: 2018-05-09T17:43:16+10:00   23c0d726995f02bccd3b76f26d8954ec
snippets/main_overlay-actions.liquid:
  development: 2018-05-04T14:41:42+10:00   6898ba7f5b93118fc328f64067f25f9b
snippets/main_pagination.liquid:
  development: 2018-05-04T14:41:42+10:00   65d107d19a2077817afa7663af5f3ea7
snippets/main_search.liquid:
  development: 2018-05-04T14:41:42+10:00   cbfd269eab99b0a545d12fd7c94b00c1
snippets/main_sharing.liquid:
  development: 2018-05-04T14:41:42+10:00   ec921348bda641b63e377ba827469042
snippets/product_breadcrumb.liquid:
  development: 2018-05-04T14:41:42+10:00   9f2b060bc287d4646f2d419c2d35f183
snippets/product_quantity.liquid:
  development: 2018-05-04T14:41:42+10:00   bf47d0949ef2705565dc00f549de4b29
snippets/sidebar_nav-collections.liquid:
  development: 2018-05-04T14:41:42+10:00   55fcab73cce8011e981ebc34fcc86104
snippets/sidebar_nav-main.liquid:
  development: 2018-05-04T14:41:42+10:00   a7a3b60595ba43e36da4210c4f4d2bb8
templates/404.liquid:
  development: 2018-05-04T14:41:42+10:00   181a67a384eda287e976c7752dc92945
templates/article.liquid:
  development: 2018-05-04T14:41:42+10:00   9ea6935da05f2f94a9a43d2440d9df07
templates/blog.liquid:
  development: 2018-05-04T14:41:42+10:00   c978ce3587e691927514eeab46034f55
templates/cart.liquid:
  development: 2018-05-09T17:43:15+10:00   e1f4c8716da33f5e76ca45b22a222207
templates/collection.liquid:
  development: 2018-05-04T14:41:42+10:00   e90d7d210d3552440401f4ec5ec05684
templates/customers/account.liquid:
  development: 2018-05-04T14:41:42+10:00   64c7da30bc1c16dd4141603a4576c5a0
templates/customers/activate_account.liquid:
  development: 2018-05-04T14:41:42+10:00   2d92fdf4cd3f6c18c717f1045a41a8a7
templates/customers/addresses.liquid:
  development: 2018-05-04T14:41:42+10:00   e46903581c8a8e054251d36a04be592e
templates/customers/login.liquid:
  development: 2018-05-04T14:41:42+10:00   fab403ea7005eba01799e665127f8eb9
templates/customers/order.liquid:
  development: 2018-05-04T14:41:42+10:00   c9f5223f33722f90c4f66e963ac887a5
templates/customers/register.liquid:
  development: 2018-05-04T14:41:43+10:00   5dbaaa5f072122a2316ee2e473f60af9
templates/customers/reset_password.liquid:
  development: 2018-05-04T14:41:43+10:00   47bd6f5d7622e500057b04434634b9e3
templates/gift_card.liquid:
  development: 2018-05-04T14:41:43+10:00   16274bcef718b2f103511e5e31d4e22b
templates/index.liquid:
  development: 2018-05-04T14:41:43+10:00   ea1c68d7d990007696f777d2920c20ec
templates/list-collections.liquid:
  development: 2018-05-04T14:41:43+10:00   cdde62b0cf6a418c2f32397471a00eac
templates/page.contact.liquid:
  development: 2018-05-04T14:41:43+10:00   c62d28e2152539a28f7faaa416088d3e
templates/page.liquid:
  development: 2018-05-04T14:41:43+10:00   385458a6d60d15f03125ffac0be73472
templates/password.liquid:
  development: 2018-05-04T14:41:43+10:00   7266692b17901aefdabe0d8b09204006
templates/product.customizable.liquid:
  development: 2018-05-09T18:26:24+10:00   464bc826956a68d1deedf0ff7592ea33
templates/product.liquid:
  development: 2018-05-04T14:41:43+10:00   9fa48d41949593092a1f8d5b095539ce
templates/product.pre-order.liquid:
  development: 2018-05-04T14:41:43+10:00   53f8dc74be92bd309d28e4e13e773526
templates/search.liquid:
  development: 2018-05-04T14:41:43+10:00   939ef43e463f36cb9a46fa2d41cf925d
